PODS:
  - Capacitor (7.1.0):
    - CapacitorCordova
  - CapacitorBackgroundRunner (2.1.0):
    - Capacitor
  - CapacitorCommunityFcm (7.1.1):
    - Capacitor
    - FirebaseMessaging
  - CapacitorCordova (7.1.0)
  - CapacitorPreferences (7.0.0):
    - Capacitor
  - CapacitorPushNotifications (7.0.0):
    - Capacitor
  - FirebaseCore (11.0.0):
    - FirebaseCoreInternal (~> 11.0)
    - GoogleUtilities/Environment (~> 8.0)
    - GoogleUtilities/Logger (~> 8.0)
  - FirebaseCoreInternal (11.0.0):
    - "GoogleUtilities/NSData+zlib (~> 8.0)"
  - FirebaseInstallations (11.0.0):
    - FirebaseCore (~> 11.0)
    - GoogleUtilities/Environment (~> 8.0)
    - GoogleUtilities/UserDefaults (~> 8.0)
    - PromisesObjC (~> 2.4)
  - FirebaseMessaging (11.0.0):
    - FirebaseCore (~> 11.0)
    - FirebaseInstallations (~> 11.0)
    - GoogleDataTransport (~> 10.0)
    - GoogleUtilities/AppDelegateSwizzler (~> 8.0)
    - GoogleUtilities/Environment (~> 8.0)
    - GoogleUtilities/Reachability (~> 8.0)
    - GoogleUtilities/UserDefaults (~> 8.0)
    - nanopb (~> 3.30910.0)
  - GoogleDataTransport (10.1.0):
    - nanopb (~> 3.30910.0)
    - PromisesObjC (~> 2.4)
  - GoogleUtilities/AppDelegateSwizzler (8.0.1):
    - GoogleUtilities/Environment
    - GoogleUtilities/Logger
    - GoogleUtilities/Network
    - GoogleUtilities/Privacy
  - GoogleUtilities/Environment (8.0.1):
    - GoogleUtilities/Privacy
  - GoogleUtilities/Logger (8.0.1):
    - GoogleUtilities/Environment
    - GoogleUtilities/Privacy
  - GoogleUtilities/Network (8.0.1):
    - GoogleUtilities/Logger
    - "GoogleUtilities/NSData+zlib"
    - GoogleUtilities/Privacy
    - GoogleUtilities/Reachability
  - "GoogleUtilities/NSData+zlib (8.0.1)":
    - GoogleUtilities/Privacy
  - GoogleUtilities/Privacy (8.0.1)
  - GoogleUtilities/Reachability (8.0.1):
    - GoogleUtilities/Logger
    - GoogleUtilities/Privacy
  - GoogleUtilities/UserDefaults (8.0.1):
    - GoogleUtilities/Logger
    - GoogleUtilities/Privacy
  - nanopb (3.30910.0):
    - nanopb/decode (= 3.30910.0)
    - nanopb/encode (= 3.30910.0)
  - nanopb/decode (3.30910.0)
  - nanopb/encode (3.30910.0)
  - PromisesObjC (2.4.0)

DEPENDENCIES:
  - "Capacitor (from `../../node_modules/.pnpm/@capacitor+ios@7.1.0_@capacitor+core@7.1.0/node_modules/@capacitor/ios`)"
  - "CapacitorBackgroundRunner (from `../../node_modules/.pnpm/@capacitor+background-runner@2.1.0_@capacitor+core@7.1.0/node_modules/@capacitor/background-runner`)"
  - "CapacitorCommunityFcm (from `../../node_modules/.pnpm/@capacitor-community+fcm@7.1.1_@capacitor+core@7.1.0/node_modules/@capacitor-community/fcm`)"
  - "CapacitorCordova (from `../../node_modules/.pnpm/@capacitor+ios@7.1.0_@capacitor+core@7.1.0/node_modules/@capacitor/ios`)"
  - "CapacitorPreferences (from `../../node_modules/.pnpm/@capacitor+preferences@7.0.0_@capacitor+core@7.1.0/node_modules/@capacitor/preferences`)"
  - "CapacitorPushNotifications (from `../../node_modules/.pnpm/@capacitor+push-notifications@7.0.0_@capacitor+core@7.1.0/node_modules/@capacitor/push-notifications`)"

SPEC REPOS:
  trunk:
    - FirebaseCore
    - FirebaseCoreInternal
    - FirebaseInstallations
    - FirebaseMessaging
    - GoogleDataTransport
    - GoogleUtilities
    - nanopb
    - PromisesObjC

EXTERNAL SOURCES:
  Capacitor:
    :path: "../../node_modules/.pnpm/@capacitor+ios@7.1.0_@capacitor+core@7.1.0/node_modules/@capacitor/ios"
  CapacitorBackgroundRunner:
    :path: "../../node_modules/.pnpm/@capacitor+background-runner@2.1.0_@capacitor+core@7.1.0/node_modules/@capacitor/background-runner"
  CapacitorCommunityFcm:
    :path: "../../node_modules/.pnpm/@capacitor-community+fcm@7.1.1_@capacitor+core@7.1.0/node_modules/@capacitor-community/fcm"
  CapacitorCordova:
    :path: "../../node_modules/.pnpm/@capacitor+ios@7.1.0_@capacitor+core@7.1.0/node_modules/@capacitor/ios"
  CapacitorPreferences:
    :path: "../../node_modules/.pnpm/@capacitor+preferences@7.0.0_@capacitor+core@7.1.0/node_modules/@capacitor/preferences"
  CapacitorPushNotifications:
    :path: "../../node_modules/.pnpm/@capacitor+push-notifications@7.0.0_@capacitor+core@7.1.0/node_modules/@capacitor/push-notifications"

SPEC CHECKSUMS:
  Capacitor: 68ff8eabbcce387e69767c13b5fbcc1c5399eabc
  CapacitorBackgroundRunner: 75cddaea3ecc58c79ecd2b772cb80f8ecb1f3299
  CapacitorCommunityFcm: 15b0b44dcb160adc28f120719dcf9fbf72e14e1d
  CapacitorCordova: 866217f32c1d25b326c568a10ea3ed0c36b13e29
  CapacitorPreferences: e24a50a936f0e4f54a6b43be6121f923b4d91c27
  CapacitorPushNotifications: c4feed483e03825369c278f5bab75100fb3f94a0
  FirebaseCore: 3cf438f431f18c12cdf2aaf64434648b63f7e383
  FirebaseCoreInternal: cac45dbc4824e152fe93cdd5dd46bd503c3fdffb
  FirebaseInstallations: 833536e8ff1dfadd4b5f80e8dfef69e8edbd071d
  FirebaseMessaging: d2d1d9c62c46dd2db49a952f7deb5b16ad2c9742
  GoogleDataTransport: aae35b7ea0c09004c3797d53c8c41f66f219d6a7
  GoogleUtilities: 52f677b52b0d2bed24e7b9c94455b1f7353a09f8
  nanopb: fad817b59e0457d11a5dfbde799381cd727c1275
  PromisesObjC: f5707f49cb48b9636751c5b2e7d227e43fba9f47

PODFILE CHECKSUM: 96f48a78c97f4e792b24ea16c8ca9ccb42141f16

COCOAPODS: 1.15.2
